
Microsoft Visual Studio Solution File, Format Version 12.00
# Visual Studio Version 16
VisualStudioVersion = 16.0.30413.136
MinimumVisualStudioVersion = 10.0.40219.1
Project("{9A19103F-16F7-4668-BE54-9A1E7A4F7556}") = "UserService", "UserService\UserService.csproj", "{3DF55E58-B7A9-419A-B36F-A56F7EA4CA0E}"
EndProject
Project("{FAE04EC0-301F-11D3-BF4B-00C04F79EFBC}") = "ApiGateway", "ApiGateway\ApiGateway.csproj", "{3E42AE64-087E-495D-A3FF-82E71CD2265C}"
EndProject
Global
	GlobalSection(SolutionConfigurationPlatforms) = preSolution
		Debug|Any CPU = Debug|Any CPU
		Release|Any CPU = Release|Any CPU
	EndGlobalSection
	GlobalSection(ProjectConfigurationPlatforms) = postSolution
		{3DF55E58-B7A9-419A-B36F-A56F7EA4CA0E}.Debug|Any CPU.ActiveCfg = Debug|Any CPU
		{3DF55E58-B7A9-419A-B36F-A56F7EA4CA0E}.Debug|Any CPU.Build.0 = Debug|Any CPU
		{3DF55E58-B7A9-419A-B36F-A56F7EA4CA0E}.Release|Any CPU.ActiveCfg = Release|Any CPU
		{3DF55E58-B7A9-419A-B36F-A56F7EA4CA0E}.Release|Any CPU.Build.0 = Release|Any CPU
		{3E42AE64-087E-495D-A3FF-82E71CD2265C}.Debug|Any CPU.ActiveCfg = Debug|Any CPU
		{3E42AE64-087E-495D-A3FF-82E71CD2265C}.Debug|Any CPU.Build.0 = Debug|Any CPU
		{3E42AE64-087E-495D-A3FF-82E71CD2265C}.Release|Any CPU.ActiveCfg = Release|Any CPU
		{3E42AE64-087E-495D-A3FF-82E71CD2265C}.Release|Any CPU.Build.0 = Release|Any CPU
	EndGlobalSection
	GlobalSection(SolutionProperties) = preSolution
		HideSolutionNode = FALSE
	EndGlobalSection
	GlobalSection(ExtensibilityGlobals) = postSolution
		SolutionGuid = {909485A9-30AD-466C-933C-1520E7132E86}
	EndGlobalSection
EndGlobal
